{
  "object": {
    "pins": [
      {
        "package": "CwlCatchException",
        "repositoryURL": "https://github.com/mattgallagher/CwlCatchException.git",
        "state": {
          "branch": null,
          "revision": "35f9e770f54ce62dd8526470f14c6e137cef3eea",
          "version": "2.1.1"
        }
      },
      {
        "package": "CwlPreconditionTesting",
        "repositoryURL": "https://github.com/mattgallagher/CwlPreconditionTesting.git",
        "state": {
          "branch": null,
          "revision": "c21f7bab5ca8eee0a9998bbd17ca1d0eb45d4688",
          "version": "2.1.0"
        }
      },
      {
        "package": "Nimble",
        "repositoryURL": "https://github.com/Quick/Nimble.git",
        "state": {
          "branch": null,
          "revision": "c93f16c25af5770f0d3e6af27c9634640946b068",
          "version": "9.2.1"
        }
      },
      {
        "package": "Quick",
        "repositoryURL": "https://github.com/Quick/Quick.git",
        "state": {
          "branch": null,
          "revision": "bd86ca0141e3cfb333546de5a11ede63f0c4a0e6",
          "version": "4.0.0"
        }
      },
      {
        "package": "SourceKitten",
        "repositoryURL": "https://github.com/jpsim/SourceKitten.git",
        "state": {
          "branch": null,
          "revision": "558628392eb31d37cb251cfe626c53eafd330df6",
          "version": "0.31.1"
        }
      },
      {
        "package": "swift-argument-parser",
        "repositoryURL": "https://github.com/apple/swift-argument-parser.git",
        "state": {
          "branch": null,
          "revision": "e1465042f195f374b94f915ba8ca49de24300a0d",
          "version": "1.0.2"
        }
      },
      {
        "package": "SwiftLint",
        "repositoryURL": "https://github.com/realm/SwiftLint",
        "state": {
          "branch": null,
          "revision": "95349376fdba465a6cd1b21b4ea65ffd5fdb14b4",
          "version": "0.45.1"
        }
      },
      {
        "package": "SwiftyTextTable",
        "repositoryURL": "https://github.com/scottrhoyt/SwiftyTextTable.git",
        "state": {
          "branch": null,
          "revision": "c6df6cf533d120716bff38f8ff9885e1ce2a4ac3",
          "version": "0.9.0"
        }
      },
      {
        "package": "SWXMLHash",
        "repositoryURL": "https://github.com/drmohundro/SWXMLHash.git",
        "state": {
          "branch": null,
          "revision": "9183170d20857753d4f331b0ca63f73c60764bf3",
          "version": "5.0.2"
        }
      },
      {
        "package": "Yams",
        "repositoryURL": "https://github.com/jpsim/Yams.git",
        "state": {
          "branch": null,
          "revision": "9ff1cc9327586db4e0c8f46f064b6a82ec1566fa",
          "version": "4.0.6"
        }
      }
    ]
  },
  "version": 1
}
